# This file was autogenerated by uv via the following command:
#    uv pip compile docker-requirements.txt -o requirements.lock
absl-py==2.3.1
    # via ortools
aiohappyeyeballs==2.6.1
    # via aiohttp
aiohttp==3.13.2
    # via -r docker-requirements.txt
aiosignal==1.4.0
    # via aiohttp
annotated-doc==0.0.4
    # via fastapi
annotated-types==0.7.0
    # via pydantic
anyio==4.11.0
    # via starlette
asgiref==3.11.0
    # via
    #   django
    #   django-cors-headers
attrs==25.4.0
    # via aiohttp
blinker==1.9.0
    # via flask
certifi==2025.11.12
    # via requests
charset-normalizer==3.4.4
    # via requests
click==8.3.1
    # via
    #   flask
    #   uvicorn
clipboard==0.0.4
    # via -r docker-requirements.txt
contourpy==1.3.3
    # via matplotlib
cycler==0.12.1
    # via matplotlib
dataenforce==0.1.2
    # via -r docker-requirements.txt
django==5.2.8
    # via
    #   -r docker-requirements.txt
    #   django-cors-headers
django-cors-headers==4.9.0
    # via -r docker-requirements.txt
fastapi==0.121.3
    # via -r docker-requirements.txt
flask==3.1.2
    # via
    #   -r docker-requirements.txt
    #   flask-cors
flask-cors==6.0.1
    # via -r docker-requirements.txt
fonttools==4.60.1
    # via matplotlib
frozenlist==1.8.0
    # via
    #   aiohttp
    #   aiosignal
h11==0.16.0
    # via uvicorn
idna==3.11
    # via
    #   anyio
    #   requests
    #   yarl
immutabledict==4.2.2
    # via ortools
itsdangerous==2.2.0
    # via flask
jinja2==3.1.6
    # via flask
kiwisolver==1.4.9
    # via matplotlib
lxml==6.0.2
    # via -r docker-requirements.txt
markupsafe==3.0.3
    # via
    #   flask
    #   jinja2
    #   werkzeug
matplotlib==3.7.3
    # via
    #   -r docker-requirements.txt
    #   pydtmc
    #   seaborn
multidict==6.7.0
    # via
    #   aiohttp
    #   yarl
narwhals==2.12.0
    # via plotly
networkx==3.6
    # via pydtmc
numpy==1.26.4
    # via
    #   -r docker-requirements.txt
    #   contourpy
    #   matplotlib
    #   ortools
    #   pandas
    #   pydtmc
    #   scipy
    #   seaborn
ortools==9.14.6206
    # via -r docker-requirements.txt
packaging==25.0
    # via
    #   matplotlib
    #   plotly
pandas==2.3.3
    # via
    #   -r docker-requirements.txt
    #   ortools
    #   seaborn
pendulum==3.1.0
    # via -r docker-requirements.txt
pillow==12.0.0
    # via matplotlib
plotly==6.5.0
    # via -r docker-requirements.txt
propcache==0.4.1
    # via
    #   aiohttp
    #   yarl
protobuf==6.31.1
    # via ortools
psutil==7.1.3
    # via redislite
pulp==3.3.0
    # via -r docker-requirements.txt
pydantic==2.12.4
    # via
    #   -r docker-requirements.txt
    #   fastapi
pydantic-core==2.41.5
    # via pydantic
pydtmc==8.7.0
    # via -r docker-requirements.txt
pyparsing==3.2.5
    # via matplotlib
pyperclip==1.11.0
    # via clipboard
python-dateutil==2.9.0.post0
    # via
    #   matplotlib
    #   pandas
    #   pendulum
pytz==2025.2
    # via pandas
pyyaml==6.0.3
    # via -r docker-requirements.txt
redis==7.1.0
    # via redislite
redislite==6.2.912183
    # via -r docker-requirements.txt
requests==2.32.5
    # via -r docker-requirements.txt
scipy==1.16.3
    # via
    #   -r docker-requirements.txt
    #   pydtmc
seaborn==0.13.2
    # via -r docker-requirements.txt
setuptools==80.9.0
    # via redislite
six==1.17.0
    # via python-dateutil
sniffio==1.3.1
    # via anyio
sqlparse==0.5.3
    # via django
starlette==0.50.0
    # via fastapi
typing-extensions==4.15.0
    # via
    #   fastapi
    #   ortools
    #   pydantic
    #   pydantic-core
    #   typing-inspection
typing-inspection==0.4.2
    # via pydantic
tzdata==2025.2
    # via
    #   pandas
    #   pendulum
urllib3==2.5.0
    # via requests
uvicorn==0.38.0
    # via -r docker-requirements.txt
werkzeug==3.1.3
    # via
    #   flask
    #   flask-cors
yarl==1.22.0
    # via aiohttp
